// !$*UTF8*$!
{
	archiveVersion = 1;
	classes = {
	};
	objectVersion = 46;
	objects = {

/* Begin PBXBuildFile section */
		E635B9651F54F454009F03EF /* main.m in Sources */ = {isa = PBXBuildFile; fileRef = E635B9641F54F454009F03EF /* main.m */; };
		E635B9681F54F454009F03EF /* AppDelegate.m in Sources */ = {isa = PBXBuildFile; fileRef = E635B9671F54F454009F03EF /* AppDelegate.m */; };
		E635B96B1F54F454009F03EF /* ViewController.m in Sources */ = {isa = PBXBuildFile; fileRef = E635B96A1F54F454009F03EF /* ViewController.m */; };
		E635B96E1F54F454009F03EF /* Main.storyboard in Resources */ = {isa = PBXBuildFile; fileRef = E635B96C1F54F454009F03EF /* Main.storyboard */; settings = {ASSET_TAGS = (1, ); }; };
		E635B9701F54F455009F03EF /* Assets.xcassets in Resources */ = {isa = PBXBuildFile; fileRef = E635B96F1F54F455009F03EF /* Assets.xcassets */; };
		E635B9731F54F455009F03EF /* LaunchScreen.storyboard in Resources */ = {isa = PBXBuildFile; fileRef = E635B9711F54F455009F03EF /* LaunchScreen.storyboard */; };
		E635B97E1F54F455009F03EF /* MyListAppUITests.m in Sources */ = {isa = PBXBuildFile; fileRef = E635B97D1F54F455009F03EF /* MyListAppUITests.m */; };
/* End PBXBuildFile section */

/* Begin PBXContainerItemProxy section */
		E635B97A1F54F455009F03EF /* PBXContainerItemProxy */ = {
			isa = PBXContainerItemProxy;
			containerPortal = E635B9581F54F454009F03EF /* Project object */;
			proxyType = 1;
			remoteGlobalIDString = E635B95F1F54F454009F03EF;
			remoteInfo = MyListApp;
		};
/* End PBXContainerItemProxy section */

/* Begin PBXFileReference section */
		E635B9601F54F454009F03EF /* MyListApp.app */ = {isa = PBXFileReference; explicitFileType = wrapper.application; includeInIndex = 0; path = MyListApp.app; sourceTree = BUILT_PRODUCTS_DIR; };
		E635B9641F54F454009F03EF /* main.m */ = {isa = PBXFileReference; lastKnownFileType = sourcecode.c.objc; path = main.m; sourceTree = "<group>"; };
		E635B9661F54F454009F03EF /* AppDelegate.h */ = {isa = PBXFileReference; lastKnownFileType = sourcecode.c.h; path = AppDelegate.h; sourceTree = "<group>"; };
		E635B9671F54F454009F03EF /* AppDelegate.m */ = {isa = PBXFileReference; lastKnownFileType = sourcecode.c.objc; path = AppDelegate.m; sourceTree = "<group>"; };
		E635B9691F54F454009F03EF /* ViewController.h */ = {isa = PBXFileReference; lastKnownFileType = sourcecode.c.h; path = ViewController.h; sourceTree = "<group>"; };
		E635B96A1F54F454009F03EF /* ViewController.m */ = {isa = PBXFileReference; lastKnownFileType = sourcecode.c.objc; path = ViewController.m; sourceTree = "<group>"; xcLanguageSpecificationIdentifier = xcode.lang.cpp; };
		E635B96D1F54F454009F03EF /* Base */ = {isa = PBXFileReference; lastKnownFileType = file.storyboard; name = Base; path = Base.lproj/Main.storyboard; sourceTree = "<group>"; };
		E635B96F1F54F455009F03EF /* Assets.xcassets */ = {isa = PBXFileReference; lastKnownFileType = folder.assetcatalog; path = Assets.xcassets; sourceTree = "<group>"; };
		E635B9721F54F455009F03EF /* Base */ = {isa = PBXFileReference; lastKnownFileType = file.storyboard; name = Base; path = Base.lproj/LaunchScreen.storyboard; sourceTree = "<group>"; };
		E635B9741F54F455009F03EF /* Info.plist */ = {isa = PBXFileReference; lastKnownFileType = text.plist.xml; path = Info.plist; sourceTree = "<group>"; };
		E635B9791F54F455009F03EF /* MyListAppUITests.xctest */ = {isa = PBXFileReference; explicitFileType = wrapper.cfbundle; includeInIndex = 0; path = MyListAppUITests.xctest; sourceTree = BUILT_PRODUCTS_DIR; };
		E635B97D1F54F455009F03EF /* MyListAppUITests.m */ = {isa = PBXFileReference; lastKnownFileType = sourcecode.c.objc; path = MyListAppUITests.m; sourceTree = "<group>"; };
		E635B97F1F54F455009F03EF /* Info.plist */ = {isa = PBXFileReference; lastKnownFileType = text.plist.xml; path = Info.plist; sourceTree = "<group>"; };
/* End PBXFileReference section */

/* Begin PBXFrameworksBuildPhase section */
		E635B95D1F54F454009F03EF /* Frameworks */ = {
			isa = PBXFrameworksBuildPhase;
			buildActionMask = 2147483647;
			files = (
			);
			runOnlyForDeploymentPostprocessing = 0;
		};
		E635B9761F54F455009F03EF /* Frameworks */ = {
			isa = PBXFrameworksBuildPhase;
			buildActionMask = 2147483647;
			files = (
			);
			runOnlyForDeploymentPostprocessing = 0;
		};
/* End PBXFrameworksBuildPhase section */

/* Begin PBXGroup section */
		E635B9571F54F454009F03EF = {
			isa = PBXGroup;
			children = (
				E635B9621F54F454009F03EF /* MyListApp */,
				E635B97C1F54F455009F03EF /* MyListAppUITests */,
				E635B9611F54F454009F03EF /* Products */,
			);
			sourceTree = "<group>";
		};
		E635B9611F54F454009F03EF /* Products */ = {
			isa = PBXGroup;
			children = (
				E635B9601F54F454009F03EF /* MyListApp.app */,
				E635B9791F54F455009F03EF /* MyListAppUITests.xctest */,
			);
			name = Products;
			sourceTree = "<group>";
		};
		E635B9621F54F454009F03EF /* MyListApp */ = {
			isa = PBXGroup;
			children = (
				E635B9661F54F454009F03EF /* AppDelegate.h */,
				E635B9671F54F454009F03EF /* AppDelegate.m */,
				E635B9691F54F454009F03EF /* ViewController.h */,
				E635B96A1F54F454009F03EF /* ViewController.m */,
				E635B96C1F54F454009F03EF /* Main.storyboard */,
				E635B96F1F54F455009F03EF /* Assets.xcassets */,
				E635B9711F54F455009F03EF /* LaunchScreen.storyboard */,
				E635B9741F54F455009F03EF /* Info.plist */,
				E635B9631F54F454009F03EF /* Supporting Files */,
			);
			path = MyListApp;
			sourceTree = "<group>";
		};
		E635B9631F54F454009F03EF /* Supporting Files */ = {
			isa = PBXGroup;
			children = (
				E635B9641F54F454009F03EF /* main.m */,
			);
			name = "Supporting Files";
			sourceTree = "<group>";
		};
		E635B97C1F54F455009F03EF /* MyListAppUITests */ = {
			isa = PBXGroup;
			children = (
				E635B97D1F54F455009F03EF /* MyListAppUITests.m */,
				E635B97F1F54F455009F03EF /* Info.plist */,
			);
			path = MyListAppUITests;
			sourceTree = "<group>";
		};
/* End PBXGroup section */

/* Begin PBXNativeTarget section */
		E635B95F1F54F454009F03EF /* MyListApp */ = {
			isa = PBXNativeTarget;
			buildConfigurationList = E635B9821F54F455009F03EF /* Build configuration list for PBXNativeTarget "MyListApp" */;
			buildPhases = (
				E635B95C1F54F454009F03EF /* Sources */,
				E635B95D1F54F454009F03EF /* Frameworks */,
				E635B95E1F54F454009F03EF /* Resources */,
			);
			buildRules = (
			);
			dependencies = (
			);
			name = MyListApp;
			productName = MyListApp;
			productReference = E635B9601F54F454009F03EF /* MyListApp.app */;
			productType = "com.apple.product-type.application";
		};
		E635B9781F54F455009F03EF /* MyListAppUITests */ = {
			isa = PBXNativeTarget;
			buildConfigurationList = E635B9851F54F455009F03EF /* Build configuration list for PBXNativeTarget "MyListAppUITests" */;
			buildPhases = (
				E635B9751F54F455009F03EF /* Sources */,
				E635B9761F54F455009F03EF /* Frameworks */,
				E635B9771F54F455009F03EF /* Resources */,
			);
			buildRules = (
			);
			dependencies = (
				E635B97B1F54F455009F03EF /* PBXTargetDependency */,
			);
			name = MyListAppUITests;
			productName = MyListAppUITests;
			productReference = E635B9791F54F455009F03EF /* MyListAppUITests.xctest */;
			productType = "com.apple.product-type.bundle.ui-testing";
		};
/* End PBXNativeTarget section */

/* Begin PBXProject section */
		E635B9581F54F454009F03EF /* Project object */ = {
			isa = PBXProject;
			attributes = {
				KnownAssetTags = (
					1,
				);
				LastUpgradeCheck = 0720;
				ORGANIZATIONNAME = "Dragos Bercea ";
				TargetAttributes = {
					E635B95F1F54F454009F03EF = {
						CreatedOnToolsVersion = 7.2.1;
					};
					E635B9781F54F455009F03EF = {
						CreatedOnToolsVersion = 7.2.1;
						TestTargetID = E635B95F1F54F454009F03EF;
					};
				};
			};
			buildConfigurationList = E635B95B1F54F454009F03EF /* Build configuration list for PBXProject "MyListApp" */;
			compatibilityVersion = "Xcode 3.2";
			developmentRegion = English;
			hasScannedForEncodings = 0;
			knownRegions = (
				en,
				Base,
			);
			mainGroup = E635B9571F54F454009F03EF;
			productRefGroup = E635B9611F54F454009F03EF /* Products */;
			projectDirPath = "";
			projectRoot = "";
			targets = (
				E635B95F1F54F454009F03EF /* MyListApp */,
				E635B9781F54F455009F03EF /* MyListAppUITests */,
			);
		};
/* End PBXProject section */

/* Begin PBXResourcesBuildPhase section */
		E635B95E1F54F454009F03EF /* Resources */ = {
			isa = PBXResourcesBuildPhase;
			buildActionMask = 2147483647;
			files = (
				E635B9731F54F455009F03EF /* LaunchScreen.storyboard in Resources */,
				E635B9701F54F455009F03EF /* Assets.xcassets in Resources */,
				E635B96E1F54F454009F03EF /* Main.storyboard in Resources */,
			);
			runOnlyForDeploymentPostprocessing = 0;
		};
		E635B9771F54F455009F03EF /* Resources */ = {
			isa = PBXResourcesBuildPhase;
			buildActionMask = 2147483647;
			files = (
			);
			runOnlyForDeploymentPostprocessing = 0;
		};
/* End PBXResourcesBuildPhase section */

/* Begin PBXSourcesBuildPhase section */
		E635B95C1F54F454009F03EF /* Sources */ = {
			isa = PBXSourcesBuildPhase;
			buildActionMask = 2147483647;
			files = (
				E635B96B1F54F454009F03EF /* ViewController.m in Sources */,
				E635B9681F54F454009F03EF /* AppDelegate.m in Sources */,
				E635B9651F54F454009F03EF /* main.m in Sources */,
			);
			runOnlyForDeploymentPostprocessing = 0;
		};
		E635B9751F54F455009F03EF /* Sources */ = {
			isa = PBXSourcesBuildPhase;
			buildActionMask = 2147483647;
			files = (
				E635B97E1F54F455009F03EF /* MyListAppUITests.m in Sources */,
			);
			runOnlyForDeploymentPostprocessing = 0;
		};
/* End PBXSourcesBuildPhase section */

/* Begin PBXTargetDependency section */
		E635B97B1F54F455009F03EF /* PBXTargetDependency */ = {
			isa = PBXTargetDependency;
			target = E635B95F1F54F454009F03EF /* MyListApp */;
			targetProxy = E635B97A1F54F455009F03EF /* PBXContainerItemProxy */;
		};
/* End PBXTargetDependency section */

/* Begin PBXVariantGroup section */
		E635B96C1F54F454009F03EF /* Main.storyboard */ = {
			isa = PBXVariantGroup;
			children = (
				E635B96D1F54F454009F03EF /* Base */,
			);
			name = Main.storyboard;
			sourceTree = "<group>";
		};
		E635B9711F54F455009F03EF /* LaunchScreen.storyboard */ = {
			isa = PBXVariantGroup;
			children = (
				E635B9721F54F455009F03EF /* Base */,
			);
			name = LaunchScreen.storyboard;
			sourceTree = "<group>";
		};
/* End PBXVariantGroup section */

/* Begin XCBuildConfiguration section */
		E635B9801F54F455009F03EF /* Debug */ = {
			isa = XCBuildConfiguration;
			buildSettings = {
				ALWAYS_SEARCH_USER_PATHS = NO;
				CLANG_CXX_LANGUAGE_STANDARD = "gnu++0x";
				CLANG_CXX_LIBRARY = "libc++";
				CLANG_ENABLE_MODULES = YES;
				CLANG_ENABLE_OBJC_ARC = YES;
				CLANG_WARN_BOOL_CONVERSION = YES;
				CLANG_WARN_CONSTANT_CONVERSION = YES;
				CLANG_WARN_DIRECT_OBJC_ISA_USAGE = YES_ERROR;
				CLANG_WARN_EMPTY_BODY = YES;
				CLANG_WARN_ENUM_CONVERSION = YES;
				CLANG_WARN_INT_CONVERSION = YES;
				CLANG_WARN_OBJC_ROOT_CLASS = YES_ERROR;
				CLANG_WARN_UNREACHABLE_CODE = YES;
				CLANG_WARN__DUPLICATE_METHOD_MATCH = YES;
				"CODE_SIGN_IDENTITY[sdk=iphoneos*]" = "iPhone Developer";
				COPY_PHASE_STRIP = NO;
				DEBUG_INFORMATION_FORMAT = dwarf;
				ENABLE_STRICT_OBJC_MSGSEND = YES;
				ENABLE_TESTABILITY = YES;
				GCC_C_LANGUAGE_STANDARD = gnu99;
				GCC_DYNAMIC_NO_PIC = NO;
				GCC_NO_COMMON_BLOCKS = YES;
				GCC_OPTIMIZATION_LEVEL = 0;
				GCC_PREPROCESSOR_DEFINITIONS = (
					"DEBUG=1",
					"$(inherited)",
				);
				GCC_WARN_64_TO_32_BIT_CONVERSION = YES;
				GCC_WARN_ABOUT_RETURN_TYPE = YES_ERROR;
				GCC_WARN_UNDECLARED_SELECTOR = YES;
				GCC_WARN_UNINITIALIZED_AUTOS = YES_AGGRESSIVE;
				GCC_WARN_UNUSED_FUNCTION = YES;
				GCC_WARN_UNUSED_VARIABLE = YES;
				IPHONEOS_DEPLOYMENT_TARGET = 9.2;
				MTL_ENABLE_DEBUG_INFO = YES;
				ONLY_ACTIVE_ARCH = YES;
				SDKROOT = iphoneos;
				TARGETED_DEVICE_FAMILY = "1,2";
			};
			name = Debug;
		};
		E635B9811F54F455009F03EF /* Release */ = {
			isa = XCBuildConfiguration;
			buildSettings = {
				ALWAYS_SEARCH_USER_PATHS = NO;
				CLANG_CXX_LANGUAGE_STANDARD = "gnu++0x";
				CLANG_CXX_LIBRARY = "libc++";
				CLANG_ENABLE_MODULES = YES;
				CLANG_ENABLE_OBJC_ARC = YES;
				CLANG_WARN_BOOL_CONVERSION = YES;
				CLANG_WARN_CONSTANT_CONVERSION = YES;
				CLANG_WARN_DIRECT_OBJC_ISA_USAGE = YES_ERROR;
				CLANG_WARN_EMPTY_BODY = YES;
				CLANG_WARN_ENUM_CONVERSION = YES;
				CLANG_WARN_INT_CONVERSION = YES;
				CLANG_WARN_OBJC_ROOT_CLASS = YES_ERROR;
				CLANG_WARN_UNREACHABLE_CODE = YES;
				CLANG_WARN__DUPLICATE_METHOD_MATCH = YES;
				"CODE_SIGN_IDENTITY[sdk=iphoneos*]" = "iPhone Developer";
				COPY_PHASE_STRIP = NO;
				DEBUG_INFORMATION_FORMAT = "dwarf-with-dsym";
				ENABLE_NS_ASSERTIONS = NO;
				ENABLE_STRICT_OBJC_MSGSEND = YES;
				GCC_C_LANGUAGE_STANDARD = gnu99;
				GCC_NO_COMMON_BLOCKS = YES;
				GCC_WARN_64_TO_32_BIT_CONVERSION = YES;
				GCC_WARN_ABOUT_RETURN_TYPE = YES_ERROR;
				GCC_WARN_UNDECLARED_SELECTOR = YES;
				GCC_WARN_UNINITIALIZED_AUTOS = YES_AGGRESSIVE;
				GCC_WARN_UNUSED_FUNCTION = YES;
				GCC_WARN_UNUSED_VARIABLE = YES;
				IPHONEOS_DEPLOYMENT_TARGET = 9.2;
				MTL_ENABLE_DEBUG_INFO = NO;
				SDKROOT = iphoneos;
				TARGETED_DEVICE_FAMILY = "1,2";
				VALIDATE_PRODUCT = YES;
			};
			name = Release;
		};
		E635B9831F54F455009F03EF /* Debug */ = {
			isa = XCBuildConfiguration;
			buildSettings = {
				ASSETCATALOG_COMPILER_APPICON_NAME = AppIcon;
				INFOPLIST_FILE = MyListApp/Info.plist;
				LD_RUNPATH_SEARCH_PATHS = "$(inherited) @executable_path/Frameworks";
				PRODUCT_BUNDLE_IDENTIFIER = com.MyTable.MyListApp;
				PRODUCT_NAME = "$(TARGET_NAME)";
			};
			name = Debug;
		};
		E635B9841F54F455009F03EF /* Release */ = {
			isa = XCBuildConfiguration;
			buildSettings = {
				ASSETCATALOG_COMPILER_APPICON_NAME = AppIcon;
				INFOPLIST_FILE = MyListApp/Info.plist;
				LD_RUNPATH_SEARCH_PATHS = "$(inherited) @executable_path/Frameworks";
				PRODUCT_BUNDLE_IDENTIFIER = com.MyTable.MyListApp;
				PRODUCT_NAME = "$(TARGET_NAME)";
			};
			name = Release;
		};
		E635B9861F54F455009F03EF /* Debug */ = {
			isa = XCBuildConfiguration;
			buildSettings = {
				INFOPLIST_FILE = MyListAppUITests/Info.plist;
				LD_RUNPATH_SEARCH_PATHS = "$(inherited) @executable_path/Frameworks @loader_path/Frameworks";
				PRODUCT_BUNDLE_IDENTIFIER = com.MyTable.MyListAppUITests;
				PRODUCT_NAME = "$(TARGET_NAME)";
				TEST_TARGET_NAME = MyListApp;
				USES_XCTRUNNER = YES;
			};
			name = Debug;
		};
		E635B9871F54F455009F03EF /* Release */ = {
			isa = XCBuildConfiguration;
			buildSettings = {
				INFOPLIST_FILE = MyListAppUITests/Info.plist;
				LD_RUNPATH_SEARCH_PATHS = "$(inherited) @executable_path/Frameworks @loader_path/Frameworks";
				PRODUCT_BUNDLE_IDENTIFIER = com.MyTable.MyListAppUITests;
				PRODUCT_NAME = "$(TARGET_NAME)";
				TEST_TARGET_NAME = MyListApp;
				USES_XCTRUNNER = YES;
			};
			name = Release;
		};
/* End XCBuildConfiguration section */

/* Begin XCConfigurationList section */
		E635B95B1F54F454009F03EF /* Build configuration list for PBXProject "MyListApp" */ = {
			isa = XCConfigurationList;
			buildConfigurations = (
				E635B9801F54F455009F03EF /* Debug */,
				E635B9811F54F455009F03EF /* Release */,
			);
			defaultConfigurationIsVisible = 0;
			defaultConfigurationName = Release;
		};
		E635B9821F54F455009F03EF /* Build configuration list for PBXNativeTarget "MyListApp" */ = {
			isa = XCConfigurationList;
			buildConfigurations = (
				E635B9831F54F455009F03EF /* Debug */,
				E635B9841F54F455009F03EF /* Release */,
			);
			defaultConfigurationIsVisible = 0;
			defaultConfigurationName = Release;
		};
		E635B9851F54F455009F03EF /* Build configuration list for PBXNativeTarget "MyListAppUITests" */ = {
			isa = XCConfigurationList;
			buildConfigurations = (
				E635B9861F54F455009F03EF /* Debug */,
				E635B9871F54F455009F03EF /* Release */,
			);
			defaultConfigurationIsVisible = 0;
			defaultConfigurationName = Release;
		};
/* End XCConfigurationList section */
	};
	rootObject = E635B9581F54F454009F03EF /* Project object */;
}
